
Microsoft Visual Studio Solution File, Format Version 12.00
# Visual Studio Version 17
VisualStudioVersion = 17.14.37502.11 d17.14
MinimumVisualStudioVersion = 10.0.40219.1
Project("{FAE04EC0-301F-11D3-BF4B-00C04F79EFBC}") = "Simple Player", "Simple Player\Simple Player.csproj", "{D5FE54AB-585B-48AC-BED8-CF66E72D410F}"
EndProject
Global
	GlobalSection(SolutionConfigurationPlatforms) = preSolution
		Debug|Any CPU = Debug|Any CPU
		Release|Any CPU = Release|Any CPU
	EndGlobalSection
	GlobalSection(ProjectConfigurationPlatforms) = postSolution
		{D5FE54AB-585B-48AC-BED8-CF66E72D410F}.Debug|Any CPU.ActiveCfg = Debug|Any CPU
		{D5FE54AB-585B-48AC-BED8-CF66E72D410F}.Debug|Any CPU.Build.0 = Debug|Any CPU
		{D5FE54AB-585B-48AC-BED8-CF66E72D410F}.Debug|Any CPU.Deploy.0 = Debug|Any CPU
		{D5FE54AB-585B-48AC-BED8-CF66E72D410F}.Release|Any CPU.ActiveCfg = Release|Any CPU
		{D5FE54AB-585B-48AC-BED8-CF66E72D410F}.Release|Any CPU.Build.0 = Release|Any CPU
		{D5FE54AB-585B-48AC-BED8-CF66E72D410F}.Release|Any CPU.Deploy.0 = Release|Any CPU
	EndGlobalSection
	GlobalSection(SolutionProperties) = preSolution
		HideSolutionNode = FALSE
	EndGlobalSection
	GlobalSection(ExtensibilityGlobals) = postSolution
		SolutionGuid = {3ACBF55F-DAD3-4570-813D-367972BEDDA9}
	EndGlobalSection
EndGlobal
